// !$*UTF8*$!
{
	archiveVersion = 1;
	classes = {
	};
	objectVersion = 50;
	objects = {

/* Begin PBXBuildFile section */
		2F7408CC2258E98C0011CA52 /* AppDelegate.swift in Sources */ = {isa = PBXBuildFile; fileRef = 2F7408CB2258E98C0011CA52 /* AppDelegate.swift */; };
		2F7408CE2258E98C0011CA52 /* art.scnassets in Resources */ = {isa = PBXBuildFile; fileRef = 2F7408CD2258E98C0011CA52 /* art.scnassets */; };
		2F7408D02258E98C0011CA52 /* GameViewController.swift in Sources */ = {isa = PBXBuildFile; fileRef = 2F7408CF2258E98C0011CA52 /* GameViewController.swift */; };
		2F7408D32258E98C0011CA52 /* Main.storyboard in Resources */ = {isa = PBXBuildFile; fileRef = 2F7408D12258E98C0011CA52 /* Main.storyboard */; };
		2F7408D52258E98E0011CA52 /* Assets.xcassets in Resources */ = {isa = PBXBuildFile; fileRef = 2F7408D42258E98E0011CA52 /* Assets.xcassets */; };
/* End PBXBuildFile section */

/* Begin PBXFileReference section */
		2F7408C82258E98C0011CA52 /* move_swipe_tvOs.app */ = {isa = PBXFileReference; explicitFileType = wrapper.application; includeInIndex = 0; path = move_swipe_tvOs.app; sourceTree = BUILT_PRODUCTS_DIR; };
		2F7408CB2258E98C0011CA52 /* AppDelegate.swift */ = {isa = PBXFileReference; lastKnownFileType = sourcecode.swift; path = AppDelegate.swift; sourceTree = "<group>"; };
		2F7408CD2258E98C0011CA52 /* art.scnassets */ = {isa = PBXFileReference; lastKnownFileType = wrapper.scnassets; path = art.scnassets; sourceTree = "<group>"; };
		2F7408CF2258E98C0011CA52 /* GameViewController.swift */ = {isa = PBXFileReference; lastKnownFileType = sourcecode.swift; path = GameViewController.swift; sourceTree = "<group>"; };
		2F7408D22258E98C0011CA52 /* Base */ = {isa = PBXFileReference; lastKnownFileType = file.storyboard; name = Base; path = Base.lproj/Main.storyboard; sourceTree = "<group>"; };
		2F7408D42258E98E0011CA52 /* Assets.xcassets */ = {isa = PBXFileReference; lastKnownFileType = folder.assetcatalog; path = Assets.xcassets; sourceTree = "<group>"; };
		2F7408D62258E98E0011CA52 /* Info.plist */ = {isa = PBXFileReference; lastKnownFileType = text.plist.xml; path = Info.plist; sourceTree = "<group>"; };
/* End PBXFileReference section */

/* Begin PBXFrameworksBuildPhase section */
		2F7408C52258E98C0011CA52 /* Frameworks */ = {
			isa = PBXFrameworksBuildPhase;
			buildActionMask = 2147483647;
			files = (
			);
			runOnlyForDeploymentPostprocessing = 0;
		};
/* End PBXFrameworksBuildPhase section */

/* Begin PBXGroup section */
		2F7408BF2258E98C0011CA52 = {
			isa = PBXGroup;
			children = (
				2F7408CA2258E98C0011CA52 /* move_swipe_tvOs */,
				2F7408C92258E98C0011CA52 /* Products */,
			);
			sourceTree = "<group>";
		};
		2F7408C92258E98C0011CA52 /* Products */ = {
			isa = PBXGroup;
			children = (
				2F7408C82258E98C0011CA52 /* move_swipe_tvOs.app */,
			);
			name = Products;
			sourceTree = "<group>";
		};
		2F7408CA2258E98C0011CA52 /* move_swipe_tvOs */ = {
			isa = PBXGroup;
			children = (
				2F7408CB2258E98C0011CA52 /* AppDelegate.swift */,
				2F7408CD2258E98C0011CA52 /* art.scnassets */,
				2F7408CF2258E98C0011CA52 /* GameViewController.swift */,
				2F7408D12258E98C0011CA52 /* Main.storyboard */,
				2F7408D42258E98E0011CA52 /* Assets.xcassets */,
				2F7408D62258E98E0011CA52 /* Info.plist */,
			);
			path = move_swipe_tvOs;
			sourceTree = "<group>";
		};
/* End PBXGroup section */

/* Begin PBXNativeTarget section */
		2F7408C72258E98C0011CA52 /* move_swipe_tvOs */ = {
			isa = PBXNativeTarget;
			buildConfigurationList = 2F7408D92258E98E0011CA52 /* Build configuration list for PBXNativeTarget "move_swipe_tvOs" */;
			buildPhases = (
				2F7408C42258E98C0011CA52 /* Sources */,
				2F7408C52258E98C0011CA52 /* Frameworks */,
				2F7408C62258E98C0011CA52 /* Resources */,
			);
			buildRules = (
			);
			dependencies = (
			);
			name = move_swipe_tvOs;
			productName = move_swipe_tvOs;
			productReference = 2F7408C82258E98C0011CA52 /* move_swipe_tvOs.app */;
			productType = "com.apple.product-type.application";
		};
/* End PBXNativeTarget section */

/* Begin PBXProject section */
		2F7408C02258E98C0011CA52 /* Project object */ = {
			isa = PBXProject;
			attributes = {
				LastSwiftUpdateCheck = 1010;
				LastUpgradeCheck = 1010;
				ORGANIZATIONNAME = "Paloma Bispo";
				TargetAttributes = {
					2F7408C72258E98C0011CA52 = {
						CreatedOnToolsVersion = 10.1;
					};
				};
			};
			buildConfigurationList = 2F7408C32258E98C0011CA52 /* Build configuration list for PBXProject "move_swipe_tvOs" */;
			compatibilityVersion = "Xcode 9.3";
			developmentRegion = en;
			hasScannedForEncodings = 0;
			knownRegions = (
				en,
				Base,
			);
			mainGroup = 2F7408BF2258E98C0011CA52;
			productRefGroup = 2F7408C92258E98C0011CA52 /* Products */;
			projectDirPath = "";
			projectRoot = "";
			targets = (
				2F7408C72258E98C0011CA52 /* move_swipe_tvOs */,
			);
		};
/* End PBXProject section */

/* Begin PBXResourcesBuildPhase section */
		2F7408C62258E98C0011CA52 /* Resources */ = {
			isa = PBXResourcesBuildPhase;
			buildActionMask = 2147483647;
			files = (
				2F7408CE2258E98C0011CA52 /* art.scnassets in Resources */,
				2F7408D52258E98E0011CA52 /* Assets.xcassets in Resources */,
				2F7408D32258E98C0011CA52 /* Main.storyboard in Resources */,
			);
			runOnlyForDeploymentPostprocessing = 0;
		};
/* End PBXResourcesBuildPhase section */

/* Begin PBXSourcesBuildPhase section */
		2F7408C42258E98C0011CA52 /* Sources */ = {
			isa = PBXSourcesBuildPhase;
			buildActionMask = 2147483647;
			files = (
				2F7408D02258E98C0011CA52 /* GameViewController.swift in Sources */,
				2F7408CC2258E98C0011CA52 /* AppDelegate.swift in Sources */,
			);
			runOnlyForDeploymentPostprocessing = 0;
		};
/* End PBXSourcesBuildPhase section */

/* Begin PBXVariantGroup section */
		2F7408D12258E98C0011CA52 /* Main.storyboard */ = {
			isa = PBXVariantGroup;
			children = (
				2F7408D22258E98C0011CA52 /* Base */,
			);
			name = Main.storyboard;
			sourceTree = "<group>";
		};
/* End PBXVariantGroup section */

/* Begin XCBuildConfiguration section */
		2F7408D72258E98E0011CA52 /* Debug */ = {
			isa = XCBuildConfiguration;
			buildSettings = {
				ALWAYS_SEARCH_USER_PATHS = NO;
				CLANG_ANALYZER_NONNULL = YES;
				CLANG_ANALYZER_NUMBER_OBJECT_CONVERSION = YES_AGGRESSIVE;
				CLANG_CXX_LANGUAGE_STANDARD = "gnu++14";
				CLANG_CXX_LIBRARY = "libc++";
				CLANG_ENABLE_MODULES = YES;
				CLANG_ENABLE_OBJC_ARC = YES;
				CLANG_ENABLE_OBJC_WEAK = YES;
				CLANG_WARN_BLOCK_CAPTURE_AUTORELEASING = YES;
				CLANG_WARN_BOOL_CONVERSION = YES;
				CLANG_WARN_COMMA = YES;
				CLANG_WARN_CONSTANT_CONVERSION = YES;
				CLANG_WARN_DEPRECATED_OBJC_IMPLEMENTATIONS = YES;
				CLANG_WARN_DIRECT_OBJC_ISA_USAGE = YES_ERROR;
				CLANG_WARN_DOCUMENTATION_COMMENTS = YES;
				CLANG_WARN_EMPTY_BODY = YES;
				CLANG_WARN_ENUM_CONVERSION = YES;
				CLANG_WARN_INFINITE_RECURSION = YES;
				CLANG_WARN_INT_CONVERSION = YES;
				CLANG_WARN_NON_LITERAL_NULL_CONVERSION = YES;
				CLANG_WARN_OBJC_IMPLICIT_RETAIN_SELF = YES;
				CLANG_WARN_OBJC_LITERAL_CONVERSION = YES;
				CLANG_WARN_OBJC_ROOT_CLASS = YES_ERROR;
				CLANG_WARN_RANGE_LOOP_ANALYSIS = YES;
				CLANG_WARN_STRICT_PROTOTYPES = YES;
				CLANG_WARN_SUSPICIOUS_MOVE = YES;
				CLANG_WARN_UNGUARDED_AVAILABILITY = YES_AGGRESSIVE;
				CLANG_WARN_UNREACHABLE_CODE = YES;
				CLANG_WARN__DUPLICATE_METHOD_MATCH = YES;
				COPY_PHASE_STRIP = NO;
				DEBUG_INFORMATION_FORMAT = dwarf;
				ENABLE_STRICT_OBJC_MSGSEND = YES;
				ENABLE_TESTABILITY = YES;
				GCC_C_LANGUAGE_STANDARD = gnu11;
				GCC_DYNAMIC_NO_PIC = NO;
				GCC_NO_COMMON_BLOCKS = YES;
				GCC_OPTIMIZATION_LEVEL = 0;
				GCC_PREPROCESSOR_DEFINITIONS = (
					"DEBUG=1",
					"$(inherited)",
				);
				GCC_WARN_64_TO_32_BIT_CONVERSION = YES;
				GCC_WARN_ABOUT_RETURN_TYPE = YES_ERROR;
				GCC_WARN_UNDECLARED_SELECTOR = YES;
				GCC_WARN_UNINITIALIZED_AUTOS = YES_AGGRESSIVE;
				GCC_WARN_UNUSED_FUNCTION = YES;
				GCC_WARN_UNUSED_VARIABLE = YES;
				MTL_ENABLE_DEBUG_INFO = INCLUDE_SOURCE;
				MTL_FAST_MATH = YES;
				ONLY_ACTIVE_ARCH = YES;
				SDKROOT = appletvos;
				SWIFT_ACTIVE_COMPILATION_CONDITIONS = DEBUG;
				SWIFT_OPTIMIZATION_LEVEL = "-Onone";
				TVOS_DEPLOYMENT_TARGET = 12.1;
			};
			name = Debug;
		};
		2F7408D82258E98E0011CA52 /* Release */ = {
			isa = XCBuildConfiguration;
			buildSettings = {
				ALWAYS_SEARCH_USER_PATHS = NO;
				CLANG_ANALYZER_NONNULL = YES;
				CLANG_ANALYZER_NUMBER_OBJECT_CONVERSION = YES_AGGRESSIVE;
				CLANG_CXX_LANGUAGE_STANDARD = "gnu++14";
				CLANG_CXX_LIBRARY = "libc++";
				CLANG_ENABLE_MODULES = YES;
				CLANG_ENABLE_OBJC_ARC = YES;
				CLANG_ENABLE_OBJC_WEAK = YES;
				CLANG_WARN_BLOCK_CAPTURE_AUTORELEASING = YES;
				CLANG_WARN_BOOL_CONVERSION = YES;
				CLANG_WARN_COMMA = YES;
				CLANG_WARN_CONSTANT_CONVERSION = YES;
				CLANG_WARN_DEPRECATED_OBJC_IMPLEMENTATIONS = YES;
				CLANG_WARN_DIRECT_OBJC_ISA_USAGE = YES_ERROR;
				CLANG_WARN_DOCUMENTATION_COMMENTS = YES;
				CLANG_WARN_EMPTY_BODY = YES;
				CLANG_WARN_ENUM_CONVERSION = YES;
				CLANG_WARN_INFINITE_RECURSION = YES;
				CLANG_WARN_INT_CONVERSION = YES;
				CLANG_WARN_NON_LITERAL_NULL_CONVERSION = YES;
				CLANG_WARN_OBJC_IMPLICIT_RETAIN_SELF = YES;
				CLANG_WARN_OBJC_LITERAL_CONVERSION = YES;
				CLANG_WARN_OBJC_ROOT_CLASS = YES_ERROR;
				CLANG_WARN_RANGE_LOOP_ANALYSIS = YES;
				CLANG_WARN_STRICT_PROTOTYPES = YES;
				CLANG_WARN_SUSPICIOUS_MOVE = YES;
				CLANG_WARN_UNGUARDED_AVAILABILITY = YES_AGGRESSIVE;
				CLANG_WARN_UNREACHABLE_CODE = YES;
				CLANG_WARN__DUPLICATE_METHOD_MATCH = YES;
				COPY_PHASE_STRIP = NO;
				DEBUG_INFORMATION_FORMAT = "dwarf-with-dsym";
				ENABLE_NS_ASSERTIONS = NO;
				ENABLE_STRICT_OBJC_MSGSEND = YES;
				GCC_C_LANGUAGE_STANDARD = gnu11;
				GCC_NO_COMMON_BLOCKS = YES;
				GCC_WARN_64_TO_32_BIT_CONVERSION = YES;
				GCC_WARN_ABOUT_RETURN_TYPE = YES_ERROR;
				GCC_WARN_UNDECLARED_SELECTOR = YES;
				GCC_WARN_UNINITIALIZED_AUTOS = YES_AGGRESSIVE;
				GCC_WARN_UNUSED_FUNCTION = YES;
				GCC_WARN_UNUSED_VARIABLE = YES;
				MTL_ENABLE_DEBUG_INFO = NO;
				MTL_FAST_MATH = YES;
				SDKROOT = appletvos;
				SWIFT_COMPILATION_MODE = wholemodule;
				SWIFT_OPTIMIZATION_LEVEL = "-O";
				TVOS_DEPLOYMENT_TARGET = 12.1;
				VALIDATE_PRODUCT = YES;
			};
			name = Release;
		};
		2F7408DA2258E98E0011CA52 /* Debug */ = {
			isa = XCBuildConfiguration;
			buildSettings = {
				ASSETCATALOG_COMPILER_APPICON_NAME = "App Icon & Top Shelf Image";
				ASSETCATALOG_COMPILER_LAUNCHIMAGE_NAME = LaunchImage;
				CODE_SIGN_STYLE = Automatic;
				DEVELOPMENT_TEAM = MQ922JMCL6;
				INFOPLIST_FILE = move_swipe_tvOs/Info.plist;
				LD_RUNPATH_SEARCH_PATHS = (
					"$(inherited)",
					"@executable_path/Frameworks",
				);
				PRODUCT_BUNDLE_IDENTIFIER = "Paloma-Bispo.move-swipe-tvOs";
				PRODUCT_NAME = "$(TARGET_NAME)";
				SWIFT_VERSION = 4.2;
				TARGETED_DEVICE_FAMILY = 3;
			};
			name = Debug;
		};
		2F7408DB2258E98E0011CA52 /* Release */ = {
			isa = XCBuildConfiguration;
			buildSettings = {
				ASSETCATALOG_COMPILER_APPICON_NAME = "App Icon & Top Shelf Image";
				ASSETCATALOG_COMPILER_LAUNCHIMAGE_NAME = LaunchImage;
				CODE_SIGN_STYLE = Automatic;
				DEVELOPMENT_TEAM = MQ922JMCL6;
				INFOPLIST_FILE = move_swipe_tvOs/Info.plist;
				LD_RUNPATH_SEARCH_PATHS = (
					"$(inherited)",
					"@executable_path/Frameworks",
				);
				PRODUCT_BUNDLE_IDENTIFIER = "Paloma-Bispo.move-swipe-tvOs";
				PRODUCT_NAME = "$(TARGET_NAME)";
				SWIFT_VERSION = 4.2;
				TARGETED_DEVICE_FAMILY = 3;
			};
			name = Release;
		};
/* End XCBuildConfiguration section */

/* Begin XCConfigurationList section */
		2F7408C32258E98C0011CA52 /* Build configuration list for PBXProject "move_swipe_tvOs" */ = {
			isa = XCConfigurationList;
			buildConfigurations = (
				2F7408D72258E98E0011CA52 /* Debug */,
				2F7408D82258E98E0011CA52 /* Release */,
			);
			defaultConfigurationIsVisible = 0;
			defaultConfigurationName = Release;
		};
		2F7408D92258E98E0011CA52 /* Build configuration list for PBXNativeTarget "move_swipe_tvOs" */ = {
			isa = XCConfigurationList;
			buildConfigurations = (
				2F7408DA2258E98E0011CA52 /* Debug */,
				2F7408DB2258E98E0011CA52 /* Release */,
			);
			defaultConfigurationIsVisible = 0;
			defaultConfigurationName = Release;
		};
/* End XCConfigurationList section */
	};
	rootObject = 2F7408C02258E98C0011CA52 /* Project object */;
}
